// !$*UTF8*$!
{
	archiveVersion = 1;
	classes = {
	};
	objectVersion = 46;
	objects = {

/* Begin PBXAggregateTarget section */
		02B1010E1AB0448E00AD120E /* Docs */ = {
			isa = PBXAggregateTarget;
			buildConfigurationList = 02B101111AB0448E00AD120E /* Build configuration list for PBXAggregateTarget "Docs" */;
			buildPhases = (
				02B101121AB0449200AD120E /* docs run script */,
			);
			dependencies = (
			);
			name = Docs;
			productName = docs;
		};
/* End PBXAggregateTarget section */

/* Begin PBXBuildFile section */
		0203F0571AA4A6F800F84AFB /* SystemConfiguration.framework in Frameworks */ = {isa = PBXBuildFile; fileRef = 0203F0561AA4A6F800F84AFB /* SystemConfiguration.framework */; };
		0203F0591AA4A6FE00F84AFB /* UIKit.framework in Frameworks */ = {isa = PBXBuildFile; fileRef = 0203F0581AA4A6FE00F84AFB /* UIKit.framework */; };
		0203F05B1AA4A70500F84AFB /* Foundation.framework in Frameworks */ = {isa = PBXBuildFile; fileRef = 0203F05A1AA4A70500F84AFB /* Foundation.framework */; };
		0203F0EF1AA5854200F84AFB /* SICClause.m in Sources */ = {isa = PBXBuildFile; fileRef = 0203F08C1AA5854200F84AFB /* SICClause.m */; };
		0203F0F01AA5854200F84AFB /* SICDatabase.m in Sources */ = {isa = PBXBuildFile; fileRef = 0203F08E1AA5854200F84AFB /* SICDatabase.m */; };
		0203F0F11AA5854200F84AFB /* SICDatabaseBundle.m in Sources */ = {isa = PBXBuildFile; fileRef = 0203F0901AA5854200F84AFB /* SICDatabaseBundle.m */; };
		0203F0F21AA5854200F84AFB /* SICDatabaseFactory.m in Sources */ = {isa = PBXBuildFile; fileRef = 0203F0921AA5854200F84AFB /* SICDatabaseFactory.m */; };
		0203F0F31AA5854200F84AFB /* SICDatabaseHelper.m in Sources */ = {isa = PBXBuildFile; fileRef = 0203F0941AA5854200F84AFB /* SICDatabaseHelper.m */; };
		0203F0F41AA5854200F84AFB /* SICDatabaseUtils.m in Sources */ = {isa = PBXBuildFile; fileRef = 0203F0961AA5854200F84AFB /* SICDatabaseUtils.m */; };
		0203F0F51AA5854200F84AFB /* SICDatabaseImpl.m in Sources */ = {isa = PBXBuildFile; fileRef = 0203F0B01AA5854200F84AFB /* SICDatabaseImpl.m */; };
		0203F0F61AA5854200F84AFB /* SICDataTypeHandler.m in Sources */ = {isa = PBXBuildFile; fileRef = 0203F0B21AA5854200F84AFB /* SICDataTypeHandler.m */; };
		0203F0F71AA5854200F84AFB /* SICQueryBuilder.m in Sources */ = {isa = PBXBuildFile; fileRef = 0203F0B41AA5854200F84AFB /* SICQueryBuilder.m */; };
		0203F0F81AA5854200F84AFB /* SICWhere.m in Sources */ = {isa = PBXBuildFile; fileRef = 0203F0B61AA5854200F84AFB /* SICWhere.m */; };
		0203F0F91AA5854200F84AFB /* SICEventHandler.m in Sources */ = {isa = PBXBuildFile; fileRef = 0203F0B91AA5854200F84AFB /* SICEventHandler.m */; };
		0203F0FA1AA5854200F84AFB /* SICDatabaseException.m in Sources */ = {isa = PBXBuildFile; fileRef = 0203F0BE1AA5854200F84AFB /* SICDatabaseException.m */; };
		0203F0FB1AA5854200F84AFB /* SICDeploymentException.m in Sources */ = {isa = PBXBuildFile; fileRef = 0203F0C01AA5854200F84AFB /* SICDeploymentException.m */; };
		0203F0FC1AA5854200F84AFB /* SICPrematureEndOfParseException.m in Sources */ = {isa = PBXBuildFile; fileRef = 0203F0C31AA5854200F84AFB /* SICPrematureEndOfParseException.m */; };
		0203F0FD1AA5854200F84AFB /* SICSiminovCriticalException.m in Sources */ = {isa = PBXBuildFile; fileRef = 0203F0C51AA5854200F84AFB /* SICSiminovCriticalException.m */; };
		0203F0FE1AA5854200F84AFB /* SICSiminovException.m in Sources */ = {isa = PBXBuildFile; fileRef = 0203F0C71AA5854200F84AFB /* SICSiminovException.m */; };
		0203F0FF1AA5854200F84AFB /* SICInitializer.m in Sources */ = {isa = PBXBuildFile; fileRef = 0203F0CA1AA5854200F84AFB /* SICInitializer.m */; };
		0203F1001AA5854200F84AFB /* SICLog.m in Sources */ = {isa = PBXBuildFile; fileRef = 0203F0CD1AA5854200F84AFB /* SICLog.m */; };
		0203F1011AA5854200F84AFB /* SICApplicationDescriptor.m in Sources */ = {isa = PBXBuildFile; fileRef = 0203F0D01AA5854200F84AFB /* SICApplicationDescriptor.m */; };
		0203F1021AA5854200F84AFB /* SICDatabaseDescriptor.m in Sources */ = {isa = PBXBuildFile; fileRef = 0203F0D21AA5854200F84AFB /* SICDatabaseDescriptor.m */; };
		0203F1041AA5854200F84AFB /* SICLibraryDescriptor.m in Sources */ = {isa = PBXBuildFile; fileRef = 0203F0D71AA5854200F84AFB /* SICLibraryDescriptor.m */; };
		0203F1051AA5854200F84AFB /* SICApplicationDescriptorReader.m in Sources */ = {isa = PBXBuildFile; fileRef = 0203F0DA1AA5854200F84AFB /* SICApplicationDescriptorReader.m */; };
		0203F1061AA5854200F84AFB /* SICDatabaseDescriptorReader.m in Sources */ = {isa = PBXBuildFile; fileRef = 0203F0DC1AA5854200F84AFB /* SICDatabaseDescriptorReader.m */; };
		0203F1081AA5854200F84AFB /* SICLibraryDescriptorReader.m in Sources */ = {isa = PBXBuildFile; fileRef = 0203F0E01AA5854200F84AFB /* SICLibraryDescriptorReader.m */; };
		0203F10A1AA5854200F84AFB /* SICSiminovSAXDefaultHandler.m in Sources */ = {isa = PBXBuildFile; fileRef = 0203F0E41AA5854200F84AFB /* SICSiminovSAXDefaultHandler.m */; };
		0203F10B1AA5854200F84AFB /* SICResourceManager.m in Sources */ = {isa = PBXBuildFile; fileRef = 0203F0E71AA5854200F84AFB /* SICResourceManager.m */; };
		0203F10C1AA5854200F84AFB /* SICSiminov.m in Sources */ = {isa = PBXBuildFile; fileRef = 0203F0E91AA5854200F84AFB /* SICSiminov.m */; };
		0203F10D1AA5854200F84AFB /* SICClassUtils.m in Sources */ = {isa = PBXBuildFile; fileRef = 0203F0EC1AA5854200F84AFB /* SICClassUtils.m */; };
		0203F10E1AA5854200F84AFB /* SICFileUtils.m in Sources */ = {isa = PBXBuildFile; fileRef = 0203F0EE1AA5854200F84AFB /* SICFileUtils.m */; };
		0203F10F1AA586D500F84AFB /* SICConstants.h in Copy Files */ = {isa = PBXBuildFile; fileRef = 0203F0891AA5854200F84AFB /* SICConstants.h */; };
		0203F1101AA586D500F84AFB /* SICClause.h in Copy Files */ = {isa = PBXBuildFile; fileRef = 0203F08B1AA5854200F84AFB /* SICClause.h */; };
		0203F1111AA586D500F84AFB /* SICDatabase.h in Copy Files */ = {isa = PBXBuildFile; fileRef = 0203F08D1AA5854200F84AFB /* SICDatabase.h */; };
		0203F1121AA586D500F84AFB /* SICDatabaseBundle.h in Copy Files */ = {isa = PBXBuildFile; fileRef = 0203F08F1AA5854200F84AFB /* SICDatabaseBundle.h */; };
		0203F1131AA586D500F84AFB /* SICDatabaseFactory.h in Copy Files */ = {isa = PBXBuildFile; fileRef = 0203F0911AA5854200F84AFB /* SICDatabaseFactory.h */; };
		0203F1141AA586D500F84AFB /* SICDatabaseHelper.h in Copy Files */ = {isa = PBXBuildFile; fileRef = 0203F0931AA5854200F84AFB /* SICDatabaseHelper.h */; };
		0203F1151AA586D500F84AFB /* SICDatabaseUtils.h in Copy Files */ = {isa = PBXBuildFile; fileRef = 0203F0951AA5854200F84AFB /* SICDatabaseUtils.h */; };
		0203F1161AA586D500F84AFB /* SICIAverage.h in Copy Files */ = {isa = PBXBuildFile; fileRef = 0203F0981AA5854200F84AFB /* SICIAverage.h */; };
		0203F1171AA586D500F84AFB /* SICIAverageClause.h in Copy Files */ = {isa = PBXBuildFile; fileRef = 0203F0991AA5854200F84AFB /* SICIAverageClause.h */; };
		0203F1181AA586D500F84AFB /* SICICount.h in Copy Files */ = {isa = PBXBuildFile; fileRef = 0203F09A1AA5854200F84AFB /* SICICount.h */; };
		0203F1191AA586D500F84AFB /* SICICountClause.h in Copy Files */ = {isa = PBXBuildFile; fileRef = 0203F09B1AA5854200F84AFB /* SICICountClause.h */; };
		0203F11A1AA586D500F84AFB /* SICIDatabase.h in Copy Files */ = {isa = PBXBuildFile; fileRef = 0203F09C1AA5854200F84AFB /* SICIDatabase.h */; };
		0203F11B1AA586D500F84AFB /* SICIDatabaseImpl.h in Copy Files */ = {isa = PBXBuildFile; fileRef = 0203F09D1AA5854200F84AFB /* SICIDatabaseImpl.h */; };
		0203F11C1AA586D500F84AFB /* SICIDataTypeHandler.h in Copy Files */ = {isa = PBXBuildFile; fileRef = 0203F09E1AA5854200F84AFB /* SICIDataTypeHandler.h */; };
		0203F11D1AA586D500F84AFB /* SICIDelete.h in Copy Files */ = {isa = PBXBuildFile; fileRef = 0203F09F1AA5854200F84AFB /* SICIDelete.h */; };
		0203F11E1AA586D500F84AFB /* SICIDeleteClause.h in Copy Files */ = {isa = PBXBuildFile; fileRef = 0203F0A01AA5854200F84AFB /* SICIDeleteClause.h */; };
		0203F11F1AA586D500F84AFB /* SICIGroupConcat.h in Copy Files */ = {isa = PBXBuildFile; fileRef = 0203F0A11AA5854200F84AFB /* SICIGroupConcat.h */; };
		0203F1201AA586D500F84AFB /* SICIGroupConcatClause.h in Copy Files */ = {isa = PBXBuildFile; fileRef = 0203F0A21AA5854200F84AFB /* SICIGroupConcatClause.h */; };
		0203F1211AA586D500F84AFB /* SICIMax.h in Copy Files */ = {isa = PBXBuildFile; fileRef = 0203F0A31AA5854200F84AFB /* SICIMax.h */; };
		0203F1221AA586D500F84AFB /* SICIMaxClause.h in Copy Files */ = {isa = PBXBuildFile; fileRef = 0203F0A41AA5854200F84AFB /* SICIMaxClause.h */; };
		0203F1231AA586D500F84AFB /* SICIMin.h in Copy Files */ = {isa = PBXBuildFile; fileRef = 0203F0A51AA5854200F84AFB /* SICIMin.h */; };
		0203F1241AA586D500F84AFB /* SICIMinClause.h in Copy Files */ = {isa = PBXBuildFile; fileRef = 0203F0A61AA5854200F84AFB /* SICIMinClause.h */; };
		0203F1251AA586D500F84AFB /* SICIQueryBuilder.h in Copy Files */ = {isa = PBXBuildFile; fileRef = 0203F0A71AA5854200F84AFB /* SICIQueryBuilder.h */; };
		0203F1261AA586D500F84AFB /* SICISelect.h in Copy Files */ = {isa = PBXBuildFile; fileRef = 0203F0A81AA5854200F84AFB /* SICISelect.h */; };
		0203F1271AA586D500F84AFB /* SICISelectClause.h in Copy Files */ = {isa = PBXBuildFile; fileRef = 0203F0A91AA5854200F84AFB /* SICISelectClause.h */; };
		0203F1281AA586D500F84AFB /* SICISum.h in Copy Files */ = {isa = PBXBuildFile; fileRef = 0203F0AA1AA5854200F84AFB /* SICISum.h */; };
		0203F1291AA586D500F84AFB /* SICISumClause.h in Copy Files */ = {isa = PBXBuildFile; fileRef = 0203F0AB1AA5854200F84AFB /* SICISumClause.h */; };
		0203F12A1AA586D500F84AFB /* SICITotal.h in Copy Files */ = {isa = PBXBuildFile; fileRef = 0203F0AC1AA5854200F84AFB /* SICITotal.h */; };
		0203F12B1AA586D500F84AFB /* SICITotalClause.h in Copy Files */ = {isa = PBXBuildFile; fileRef = 0203F0AD1AA5854200F84AFB /* SICITotalClause.h */; };
		0203F12C1AA586D500F84AFB /* SICDatabaseImpl.h in Copy Files */ = {isa = PBXBuildFile; fileRef = 0203F0AF1AA5854200F84AFB /* SICDatabaseImpl.h */; };
		0203F12D1AA586D500F84AFB /* SICDataTypeHandler.h in Copy Files */ = {isa = PBXBuildFile; fileRef = 0203F0B11AA5854200F84AFB /* SICDataTypeHandler.h */; };
		0203F12E1AA586D500F84AFB /* SICQueryBuilder.h in Copy Files */ = {isa = PBXBuildFile; fileRef = 0203F0B31AA5854200F84AFB /* SICQueryBuilder.h */; };
		0203F12F1AA586D500F84AFB /* SICWhere.h in Copy Files */ = {isa = PBXBuildFile; fileRef = 0203F0B51AA5854200F84AFB /* SICWhere.h */; };
		0203F1301AA586D500F84AFB /* SICEventHandler.h in Copy Files */ = {isa = PBXBuildFile; fileRef = 0203F0B81AA5854200F84AFB /* SICEventHandler.h */; };
		0203F1311AA586D500F84AFB /* SICIDatabaseEvents.h in Copy Files */ = {isa = PBXBuildFile; fileRef = 0203F0BA1AA5854200F84AFB /* SICIDatabaseEvents.h */; };
		0203F1321AA586D500F84AFB /* SICISiminovEvents.h in Copy Files */ = {isa = PBXBuildFile; fileRef = 0203F0BB1AA5854200F84AFB /* SICISiminovEvents.h */; };
		0203F1331AA586D500F84AFB /* SICDatabaseException.h in Copy Files */ = {isa = PBXBuildFile; fileRef = 0203F0BD1AA5854200F84AFB /* SICDatabaseException.h */; };
		0203F1341AA586D500F84AFB /* SICDeploymentException.h in Copy Files */ = {isa = PBXBuildFile; fileRef = 0203F0BF1AA5854200F84AFB /* SICDeploymentException.h */; };
		0203F1351AA586D500F84AFB /* SICPrematureEndOfParseException.h in Copy Files */ = {isa = PBXBuildFile; fileRef = 0203F0C21AA5854200F84AFB /* SICPrematureEndOfParseException.h */; };
		0203F1361AA586D500F84AFB /* SICSiminovCriticalException.h in Copy Files */ = {isa = PBXBuildFile; fileRef = 0203F0C41AA5854200F84AFB /* SICSiminovCriticalException.h */; };
		0203F1371AA586D500F84AFB /* SICSiminovException.h in Copy Files */ = {isa = PBXBuildFile; fileRef = 0203F0C61AA5854200F84AFB /* SICSiminovException.h */; };
		0203F1381AA586D500F84AFB /* SICIInitializer.h in Copy Files */ = {isa = PBXBuildFile; fileRef = 0203F0C81AA5854200F84AFB /* SICIInitializer.h */; };
		0203F1391AA586D500F84AFB /* SICInitializer.h in Copy Files */ = {isa = PBXBuildFile; fileRef = 0203F0C91AA5854200F84AFB /* SICInitializer.h */; };
		0203F13A1AA586D500F84AFB /* SICLog.h in Copy Files */ = {isa = PBXBuildFile; fileRef = 0203F0CC1AA5854200F84AFB /* SICLog.h */; };
		0203F13B1AA586D500F84AFB /* SICApplicationDescriptor.h in Copy Files */ = {isa = PBXBuildFile; fileRef = 0203F0CF1AA5854200F84AFB /* SICApplicationDescriptor.h */; };
		0203F13C1AA586D500F84AFB /* SICDatabaseDescriptor.h in Copy Files */ = {isa = PBXBuildFile; fileRef = 0203F0D11AA5854200F84AFB /* SICDatabaseDescriptor.h */; };
		0203F13E1AA586D500F84AFB /* SICIDescriptor.h in Copy Files */ = {isa = PBXBuildFile; fileRef = 0203F0D51AA5854200F84AFB /* SICIDescriptor.h */; };
		0203F13F1AA586D500F84AFB /* SICLibraryDescriptor.h in Copy Files */ = {isa = PBXBuildFile; fileRef = 0203F0D61AA5854200F84AFB /* SICLibraryDescriptor.h */; };
		0203F1401AA586D500F84AFB /* SICApplicationDescriptorReader.h in Copy Files */ = {isa = PBXBuildFile; fileRef = 0203F0D91AA5854200F84AFB /* SICApplicationDescriptorReader.h */; };
		0203F1411AA586D500F84AFB /* SICDatabaseDescriptorReader.h in Copy Files */ = {isa = PBXBuildFile; fileRef = 0203F0DB1AA5854200F84AFB /* SICDatabaseDescriptorReader.h */; };
		0203F1431AA586D500F84AFB /* SICLibraryDescriptorReader.h in Copy Files */ = {isa = PBXBuildFile; fileRef = 0203F0DF1AA5854200F84AFB /* SICLibraryDescriptorReader.h */; };
		0203F1451AA586D500F84AFB /* SICSiminovSAXDefaultHandler.h in Copy Files */ = {isa = PBXBuildFile; fileRef = 0203F0E31AA5854200F84AFB /* SICSiminovSAXDefaultHandler.h */; };
		0203F1461AA586D500F84AFB /* SICResourceManager.h in Copy Files */ = {isa = PBXBuildFile; fileRef = 0203F0E61AA5854200F84AFB /* SICResourceManager.h */; };
		0203F1471AA586D500F84AFB /* SICSiminov.h in Copy Files */ = {isa = PBXBuildFile; fileRef = 0203F0E81AA5854200F84AFB /* SICSiminov.h */; };
		0203F1481AA586D500F84AFB /* SICClassUtils.h in Copy Files */ = {isa = PBXBuildFile; fileRef = 0203F0EB1AA5854200F84AFB /* SICClassUtils.h */; };
		0203F1491AA586D500F84AFB /* SICFileUtils.h in Copy Files */ = {isa = PBXBuildFile; fileRef = 0203F0ED1AA5854200F84AFB /* SICFileUtils.h */; };
		02188C781AA5CCA50097CFEE /* SICIException.h in Copy Files */ = {isa = PBXBuildFile; fileRef = 0203F0C11AA5854200F84AFB /* SICIException.h */; };
		CE097E0A1B692EAD00A739F4 /* SICEntityDescriptor.m in Sources */ = {isa = PBXBuildFile; fileRef = CE097E091B692EAD00A739F4 /* SICEntityDescriptor.m */; };
		CE097E0B1B6A516600A739F4 /* SICEntityDescriptor.h in Copy Files */ = {isa = PBXBuildFile; fileRef = CE097E081B692EAD00A739F4 /* SICEntityDescriptor.h */; };
		CE097E0E1B6A760800A739F4 /* SICEntityDescriptorReader.m in Sources */ = {isa = PBXBuildFile; fileRef = CE097E0D1B6A760800A739F4 /* SICEntityDescriptorReader.m */; };
		CEAE04871B6B65DF00D351B8 /* SICQuickEntityDescriptorReader.m in Sources */ = {isa = PBXBuildFile; fileRef = CEAE04861B6B65DF00D351B8 /* SICQuickEntityDescriptorReader.m */; };
		CEAE04881B6B69C700D351B8 /* SICQuickEntityDescriptorReader.h in Copy Files */ = {isa = PBXBuildFile; fileRef = CEAE04851B6B65DF00D351B8 /* SICQuickEntityDescriptorReader.h */; };
/* End PBXBuildFile section */

/* Begin PBXCopyFilesBuildPhase section */
		0297C0DE1AA091A0006672E9 /* Copy Files */ = {
			isa = PBXCopyFilesBuildPhase;
			buildActionMask = 2147483647;
			dstPath = include;
			dstSubfolderSpec = 16;
			files = (
				02188C781AA5CCA50097CFEE /* SICIException.h in Copy Files */,
				0203F10F1AA586D500F84AFB /* SICConstants.h in Copy Files */,
				0203F1101AA586D500F84AFB /* SICClause.h in Copy Files */,
				0203F1111AA586D500F84AFB /* SICDatabase.h in Copy Files */,
				0203F1121AA586D500F84AFB /* SICDatabaseBundle.h in Copy Files */,
				0203F1131AA586D500F84AFB /* SICDatabaseFactory.h in Copy Files */,
				0203F1141AA586D500F84AFB /* SICDatabaseHelper.h in Copy Files */,
				0203F1151AA586D500F84AFB /* SICDatabaseUtils.h in Copy Files */,
				0203F1161AA586D500F84AFB /* SICIAverage.h in Copy Files */,
				0203F1171AA586D500F84AFB /* SICIAverageClause.h in Copy Files */,
				0203F1181AA586D500F84AFB /* SICICount.h in Copy Files */,
				0203F1191AA586D500F84AFB /* SICICountClause.h in Copy Files */,
				0203F11A1AA586D500F84AFB /* SICIDatabase.h in Copy Files */,
				CE097E0B1B6A516600A739F4 /* SICEntityDescriptor.h in Copy Files */,
				0203F11B1AA586D500F84AFB /* SICIDatabaseImpl.h in Copy Files */,
				0203F11C1AA586D500F84AFB /* SICIDataTypeHandler.h in Copy Files */,
				0203F11D1AA586D500F84AFB /* SICIDelete.h in Copy Files */,
				0203F11E1AA586D500F84AFB /* SICIDeleteClause.h in Copy Files */,
				0203F11F1AA586D500F84AFB /* SICIGroupConcat.h in Copy Files */,
				0203F1201AA586D500F84AFB /* SICIGroupConcatClause.h in Copy Files */,
				0203F1211AA586D500F84AFB /* SICIMax.h in Copy Files */,
				0203F1221AA586D500F84AFB /* SICIMaxClause.h in Copy Files */,
				0203F1231AA586D500F84AFB /* SICIMin.h in Copy Files */,
				0203F1241AA586D500F84AFB /* SICIMinClause.h in Copy Files */,
				0203F1251AA586D500F84AFB /* SICIQueryBuilder.h in Copy Files */,
				0203F1261AA586D500F84AFB /* SICISelect.h in Copy Files */,
				0203F1271AA586D500F84AFB /* SICISelectClause.h in Copy Files */,
				0203F1281AA586D500F84AFB /* SICISum.h in Copy Files */,
				0203F1291AA586D500F84AFB /* SICISumClause.h in Copy Files */,
				0203F12A1AA586D500F84AFB /* SICITotal.h in Copy Files */,
				0203F12B1AA586D500F84AFB /* SICITotalClause.h in Copy Files */,
				0203F12C1AA586D500F84AFB /* SICDatabaseImpl.h in Copy Files */,
				0203F12D1AA586D500F84AFB /* SICDataTypeHandler.h in Copy Files */,
				0203F12E1AA586D500F84AFB /* SICQueryBuilder.h in Copy Files */,
				0203F12F1AA586D500F84AFB /* SICWhere.h in Copy Files */,
				0203F1301AA586D500F84AFB /* SICEventHandler.h in Copy Files */,
				0203F1311AA586D500F84AFB /* SICIDatabaseEvents.h in Copy Files */,
				0203F1321AA586D500F84AFB /* SICISiminovEvents.h in Copy Files */,
				0203F1331AA586D500F84AFB /* SICDatabaseException.h in Copy Files */,
				0203F1341AA586D500F84AFB /* SICDeploymentException.h in Copy Files */,
				0203F1351AA586D500F84AFB /* SICPrematureEndOfParseException.h in Copy Files */,
				0203F1361AA586D500F84AFB /* SICSiminovCriticalException.h in Copy Files */,
				0203F1371AA586D500F84AFB /* SICSiminovException.h in Copy Files */,
				0203F1381AA586D500F84AFB /* SICIInitializer.h in Copy Files */,
				CEAE04881B6B69C700D351B8 /* SICQuickEntityDescriptorReader.h in Copy Files */,
				0203F1391AA586D500F84AFB /* SICInitializer.h in Copy Files */,
				0203F13A1AA586D500F84AFB /* SICLog.h in Copy Files */,
				0203F13B1AA586D500F84AFB /* SICApplicationDescriptor.h in Copy Files */,
				0203F13C1AA586D500F84AFB /* SICDatabaseDescriptor.h in Copy Files */,
				0203F13E1AA586D500F84AFB /* SICIDescriptor.h in Copy Files */,
				0203F13F1AA586D500F84AFB /* SICLibraryDescriptor.h in Copy Files */,
				0203F1401AA586D500F84AFB /* SICApplicationDescriptorReader.h in Copy Files */,
				0203F1411AA586D500F84AFB /* SICDatabaseDescriptorReader.h in Copy Files */,
				0203F1431AA586D500F84AFB /* SICLibraryDescriptorReader.h in Copy Files */,
				0203F1451AA586D500F84AFB /* SICSiminovSAXDefaultHandler.h in Copy Files */,
				0203F1461AA586D500F84AFB /* SICResourceManager.h in Copy Files */,
				0203F1471AA586D500F84AFB /* SICSiminov.h in Copy Files */,
				0203F1481AA586D500F84AFB /* SICClassUtils.h in Copy Files */,
				0203F1491AA586D500F84AFB /* SICFileUtils.h in Copy Files */,
			);
			name = "Copy Files";
			runOnlyForDeploymentPostprocessing = 0;
		};
/* End PBXCopyFilesBuildPhase section */

/* Begin PBXFileReference section */
		0203F0561AA4A6F800F84AFB /* SystemConfiguration.framework */ = {isa = PBXFileReference; lastKnownFileType = wrapper.framework; name = SystemConfiguration.framework; path = System/Library/Frameworks/SystemConfiguration.framework; sourceTree = SDKROOT; };
		0203F0581AA4A6FE00F84AFB /* UIKit.framework */ = {isa = PBXFileReference; lastKnownFileType = wrapper.framework; name = UIKit.framework; path = System/Library/Frameworks/UIKit.framework; sourceTree = SDKROOT; };
		0203F05A1AA4A70500F84AFB /* Foundation.framework */ = {isa = PBXFileReference; lastKnownFileType = wrapper.framework; name = Foundation.framework; path = System/Library/Frameworks/Foundation.framework; sourceTree = SDKROOT; };
		0203F0891AA5854200F84AFB /* SICConstants.h */ = {isa = PBXFileReference; fileEncoding = 4; lastKnownFileType = sourcecode.c.h; path = SICConstants.h; sourceTree = "<group>"; };
		0203F08B1AA5854200F84AFB /* SICClause.h */ = {isa = PBXFileReference; fileEncoding = 4; lastKnownFileType = sourcecode.c.h; path = SICClause.h; sourceTree = "<group>"; };
		0203F08C1AA5854200F84AFB /* SICClause.m */ = {isa = PBXFileReference; fileEncoding = 4; lastKnownFileType = sourcecode.c.objc; path = SICClause.m; sourceTree = "<group>"; };
		0203F08D1AA5854200F84AFB /* SICDatabase.h */ = {isa = PBXFileReference; fileEncoding = 4; lastKnownFileType = sourcecode.c.h; path = SICDatabase.h; sourceTree = "<group>"; };
		0203F08E1AA5854200F84AFB /* SICDatabase.m */ = {isa = PBXFileReference; fileEncoding = 4; lastKnownFileType = sourcecode.c.objc; path = SICDatabase.m; sourceTree = "<group>"; };
		0203F08F1AA5854200F84AFB /* SICDatabaseBundle.h */ = {isa = PBXFileReference; fileEncoding = 4; lastKnownFileType = sourcecode.c.h; path = SICDatabaseBundle.h; sourceTree = "<group>"; };
		0203F0901AA5854200F84AFB /* SICDatabaseBundle.m */ = {isa = PBXFileReference; fileEncoding = 4; lastKnownFileType = sourcecode.c.objc; path = SICDatabaseBundle.m; sourceTree = "<group>"; };
		0203F0911AA5854200F84AFB /* SICDatabaseFactory.h */ = {isa = PBXFileReference; fileEncoding = 4; lastKnownFileType = sourcecode.c.h; path = SICDatabaseFactory.h; sourceTree = "<group>"; };
		0203F0921AA5854200F84AFB /* SICDatabaseFactory.m */ = {isa = PBXFileReference; fileEncoding = 4; lastKnownFileType = sourcecode.c.objc; path = SICDatabaseFactory.m; sourceTree = "<group>"; };
		0203F0931AA5854200F84AFB /* SICDatabaseHelper.h */ = {isa = PBXFileReference; fileEncoding = 4; lastKnownFileType = sourcecode.c.h; path = SICDatabaseHelper.h; sourceTree = "<group>"; };
		0203F0941AA5854200F84AFB /* SICDatabaseHelper.m */ = {isa = PBXFileReference; fileEncoding = 4; lastKnownFileType = sourcecode.c.objc; lineEnding = 0; path = SICDatabaseHelper.m; sourceTree = "<group>"; xcLanguageSpecificationIdentifier = xcode.lang.objc; };
		0203F0951AA5854200F84AFB /* SICDatabaseUtils.h */ = {isa = PBXFileReference; fileEncoding = 4; lastKnownFileType = sourcecode.c.h; path = SICDatabaseUtils.h; sourceTree = "<group>"; };
		0203F0961AA5854200F84AFB /* SICDatabaseUtils.m */ = {isa = PBXFileReference; fileEncoding = 4; lastKnownFileType = sourcecode.c.objc; path = SICDatabaseUtils.m; sourceTree = "<group>"; };
		0203F0981AA5854200F84AFB /* SICIAverage.h */ = {isa = PBXFileReference; fileEncoding = 4; lastKnownFileType = sourcecode.c.h; path = SICIAverage.h; sourceTree = "<group>"; };
		0203F0991AA5854200F84AFB /* SICIAverageClause.h */ = {isa = PBXFileReference; fileEncoding = 4; lastKnownFileType = sourcecode.c.h; path = SICIAverageClause.h; sourceTree = "<group>"; };
		0203F09A1AA5854200F84AFB /* SICICount.h */ = {isa = PBXFileReference; fileEncoding = 4; lastKnownFileType = sourcecode.c.h; path = SICICount.h; sourceTree = "<group>"; };
		0203F09B1AA5854200F84AFB /* SICICountClause.h */ = {isa = PBXFileReference; fileEncoding = 4; lastKnownFileType = sourcecode.c.h; path = SICICountClause.h; sourceTree = "<group>"; };
		0203F09C1AA5854200F84AFB /* SICIDatabase.h */ = {isa = PBXFileReference; fileEncoding = 4; lastKnownFileType = sourcecode.c.h; path = SICIDatabase.h; sourceTree = "<group>"; };
		0203F09D1AA5854200F84AFB /* SICIDatabaseImpl.h */ = {isa = PBXFileReference; fileEncoding = 4; lastKnownFileType = sourcecode.c.h; path = SICIDatabaseImpl.h; sourceTree = "<group>"; };
		0203F09E1AA5854200F84AFB /* SICIDataTypeHandler.h */ = {isa = PBXFileReference; fileEncoding = 4; lastKnownFileType = sourcecode.c.h; path = SICIDataTypeHandler.h; sourceTree = "<group>"; };
		0203F09F1AA5854200F84AFB /* SICIDelete.h */ = {isa = PBXFileReference; fileEncoding = 4; lastKnownFileType = sourcecode.c.h; path = SICIDelete.h; sourceTree = "<group>"; };
		0203F0A01AA5854200F84AFB /* SICIDeleteClause.h */ = {isa = PBXFileReference; fileEncoding = 4; lastKnownFileType = sourcecode.c.h; path = SICIDeleteClause.h; sourceTree = "<group>"; };
		0203F0A11AA5854200F84AFB /* SICIGroupConcat.h */ = {isa = PBXFileReference; fileEncoding = 4; lastKnownFileType = sourcecode.c.h; path = SICIGroupConcat.h; sourceTree = "<group>"; };
		0203F0A21AA5854200F84AFB /* SICIGroupConcatClause.h */ = {isa = PBXFileReference; fileEncoding = 4; lastKnownFileType = sourcecode.c.h; path = SICIGroupConcatClause.h; sourceTree = "<group>"; };
		0203F0A31AA5854200F84AFB /* SICIMax.h */ = {isa = PBXFileReference; fileEncoding = 4; lastKnownFileType = sourcecode.c.h; path = SICIMax.h; sourceTree = "<group>"; };
		0203F0A41AA5854200F84AFB /* SICIMaxClause.h */ = {isa = PBXFileReference; fileEncoding = 4; lastKnownFileType = sourcecode.c.h; path = SICIMaxClause.h; sourceTree = "<group>"; };
		0203F0A51AA5854200F84AFB /* SICIMin.h */ = {isa = PBXFileReference; fileEncoding = 4; lastKnownFileType = sourcecode.c.h; path = SICIMin.h; sourceTree = "<group>"; };
		0203F0A61AA5854200F84AFB /* SICIMinClause.h */ = {isa = PBXFileReference; fileEncoding = 4; lastKnownFileType = sourcecode.c.h; path = SICIMinClause.h; sourceTree = "<group>"; };
		0203F0A71AA5854200F84AFB /* SICIQueryBuilder.h */ = {isa = PBXFileReference; fileEncoding = 4; lastKnownFileType = sourcecode.c.h; path = SICIQueryBuilder.h; sourceTree = "<group>"; };
		0203F0A81AA5854200F84AFB /* SICISelect.h */ = {isa = PBXFileReference; fileEncoding = 4; lastKnownFileType = sourcecode.c.h; path = SICISelect.h; sourceTree = "<group>"; };
		0203F0A91AA5854200F84AFB /* SICISelectClause.h */ = {isa = PBXFileReference; fileEncoding = 4; lastKnownFileType = sourcecode.c.h; path = SICISelectClause.h; sourceTree = "<group>"; };
		0203F0AA1AA5854200F84AFB /* SICISum.h */ = {isa = PBXFileReference; fileEncoding = 4; lastKnownFileType = sourcecode.c.h; path = SICISum.h; sourceTree = "<group>"; };
		0203F0AB1AA5854200F84AFB /* SICISumClause.h */ = {isa = PBXFileReference; fileEncoding = 4; lastKnownFileType = sourcecode.c.h; path = SICISumClause.h; sourceTree = "<group>"; };
		0203F0AC1AA5854200F84AFB /* SICITotal.h */ = {isa = PBXFileReference; fileEncoding = 4; lastKnownFileType = sourcecode.c.h; path = SICITotal.h; sourceTree = "<group>"; };
		0203F0AD1AA5854200F84AFB /* SICITotalClause.h */ = {isa = PBXFileReference; fileEncoding = 4; lastKnownFileType = sourcecode.c.h; path = SICITotalClause.h; sourceTree = "<group>"; };
		0203F0AF1AA5854200F84AFB /* SICDatabaseImpl.h */ = {isa = PBXFileReference; fileEncoding = 4; lastKnownFileType = sourcecode.c.h; path = SICDatabaseImpl.h; sourceTree = "<group>"; };
		0203F0B01AA5854200F84AFB /* SICDatabaseImpl.m */ = {isa = PBXFileReference; fileEncoding = 4; lastKnownFileType = sourcecode.c.objc; path = SICDatabaseImpl.m; sourceTree = "<group>"; };
		0203F0B11AA5854200F84AFB /* SICDataTypeHandler.h */ = {isa = PBXFileReference; fileEncoding = 4; lastKnownFileType = sourcecode.c.h; path = SICDataTypeHandler.h; sourceTree = "<group>"; };
		0203F0B21AA5854200F84AFB /* SICDataTypeHandler.m */ = {isa = PBXFileReference; fileEncoding = 4; lastKnownFileType = sourcecode.c.objc; path = SICDataTypeHandler.m; sourceTree = "<group>"; };
		0203F0B31AA5854200F84AFB /* SICQueryBuilder.h */ = {isa = PBXFileReference; fileEncoding = 4; lastKnownFileType = sourcecode.c.h; path = SICQueryBuilder.h; sourceTree = "<group>"; };
		0203F0B41AA5854200F84AFB /* SICQueryBuilder.m */ = {isa = PBXFileReference; fileEncoding = 4; lastKnownFileType = sourcecode.c.objc; path = SICQueryBuilder.m; sourceTree = "<group>"; };
		0203F0B51AA5854200F84AFB /* SICWhere.h */ = {isa = PBXFileReference; fileEncoding = 4; lastKnownFileType = sourcecode.c.h; path = SICWhere.h; sourceTree = "<group>"; };
		0203F0B61AA5854200F84AFB /* SICWhere.m */ = {isa = PBXFileReference; fileEncoding = 4; lastKnownFileType = sourcecode.c.objc; path = SICWhere.m; sourceTree = "<group>"; };
		0203F0B81AA5854200F84AFB /* SICEventHandler.h */ = {isa = PBXFileReference; fileEncoding = 4; lastKnownFileType = sourcecode.c.h; lineEnding = 0; path = SICEventHandler.h; sourceTree = "<group>"; xcLanguageSpecificationIdentifier = xcode.lang.objcpp; };
		0203F0B91AA5854200F84AFB /* SICEventHandler.m */ = {isa = PBXFileReference; fileEncoding = 4; lastKnownFileType = sourcecode.c.objc; lineEnding = 0; path = SICEventHandler.m; sourceTree = "<group>"; xcLanguageSpecificationIdentifier = xcode.lang.objc; };
		0203F0BA1AA5854200F84AFB /* SICIDatabaseEvents.h */ = {isa = PBXFileReference; fileEncoding = 4; lastKnownFileType = sourcecode.c.h; lineEnding = 0; path = SICIDatabaseEvents.h; sourceTree = "<group>"; xcLanguageSpecificationIdentifier = xcode.lang.objcpp; };
		0203F0BB1AA5854200F84AFB /* SICISiminovEvents.h */ = {isa = PBXFileReference; fileEncoding = 4; lastKnownFileType = sourcecode.c.h; path = SICISiminovEvents.h; sourceTree = "<group>"; };
		0203F0BD1AA5854200F84AFB /* SICDatabaseException.h */ = {isa = PBXFileReference; fileEncoding = 4; lastKnownFileType = sourcecode.c.h; path = SICDatabaseException.h; sourceTree = "<group>"; };
		0203F0BE1AA5854200F84AFB /* SICDatabaseException.m */ = {isa = PBXFileReference; fileEncoding = 4; lastKnownFileType = sourcecode.c.objc; path = SICDatabaseException.m; sourceTree = "<group>"; };
		0203F0BF1AA5854200F84AFB /* SICDeploymentException.h */ = {isa = PBXFileReference; fileEncoding = 4; lastKnownFileType = sourcecode.c.h; path = SICDeploymentException.h; sourceTree = "<group>"; };
		0203F0C01AA5854200F84AFB /* SICDeploymentException.m */ = {isa = PBXFileReference; fileEncoding = 4; lastKnownFileType = sourcecode.c.objc; path = SICDeploymentException.m; sourceTree = "<group>"; };
		0203F0C11AA5854200F84AFB /* SICIException.h */ = {isa = PBXFileReference; fileEncoding = 4; lastKnownFileType = sourcecode.c.h; path = SICIException.h; sourceTree = "<group>"; };
		0203F0C21AA5854200F84AFB /* SICPrematureEndOfParseException.h */ = {isa = PBXFileReference; fileEncoding = 4; lastKnownFileType = sourcecode.c.h; path = SICPrematureEndOfParseException.h; sourceTree = "<group>"; };
		0203F0C31AA5854200F84AFB /* SICPrematureEndOfParseException.m */ = {isa = PBXFileReference; fileEncoding = 4; lastKnownFileType = sourcecode.c.objc; path = SICPrematureEndOfParseException.m; sourceTree = "<group>"; };
		0203F0C41AA5854200F84AFB /* SICSiminovCriticalException.h */ = {isa = PBXFileReference; fileEncoding = 4; lastKnownFileType = sourcecode.c.h; path = SICSiminovCriticalException.h; sourceTree = "<group>"; };
		0203F0C51AA5854200F84AFB /* SICSiminovCriticalException.m */ = {isa = PBXFileReference; fileEncoding = 4; lastKnownFileType = sourcecode.c.objc; path = SICSiminovCriticalException.m; sourceTree = "<group>"; };
		0203F0C61AA5854200F84AFB /* SICSiminovException.h */ = {isa = PBXFileReference; fileEncoding = 4; lastKnownFileType = sourcecode.c.h; path = SICSiminovException.h; sourceTree = "<group>"; };
		0203F0C71AA5854200F84AFB /* SICSiminovException.m */ = {isa = PBXFileReference; fileEncoding = 4; lastKnownFileType = sourcecode.c.objc; path = SICSiminovException.m; sourceTree = "<group>"; };
		0203F0C81AA5854200F84AFB /* SICIInitializer.h */ = {isa = PBXFileReference; fileEncoding = 4; lastKnownFileType = sourcecode.c.h; path = SICIInitializer.h; sourceTree = "<group>"; };
		0203F0C91AA5854200F84AFB /* SICInitializer.h */ = {isa = PBXFileReference; fileEncoding = 4; lastKnownFileType = sourcecode.c.h; path = SICInitializer.h; sourceTree = "<group>"; };
		0203F0CA1AA5854200F84AFB /* SICInitializer.m */ = {isa = PBXFileReference; fileEncoding = 4; lastKnownFileType = sourcecode.c.objc; path = SICInitializer.m; sourceTree = "<group>"; };
		0203F0CC1AA5854200F84AFB /* SICLog.h */ = {isa = PBXFileReference; fileEncoding = 4; lastKnownFileType = sourcecode.c.h; path = SICLog.h; sourceTree = "<group>"; };
		0203F0CD1AA5854200F84AFB /* SICLog.m */ = {isa = PBXFileReference; fileEncoding = 4; lastKnownFileType = sourcecode.c.objc; path = SICLog.m; sourceTree = "<group>"; };
		0203F0CF1AA5854200F84AFB /* SICApplicationDescriptor.h */ = {isa = PBXFileReference; fileEncoding = 4; lastKnownFileType = sourcecode.c.h; path = SICApplicationDescriptor.h; sourceTree = "<group>"; };
		0203F0D01AA5854200F84AFB /* SICApplicationDescriptor.m */ = {isa = PBXFileReference; fileEncoding = 4; lastKnownFileType = sourcecode.c.objc; path = SICApplicationDescriptor.m; sourceTree = "<group>"; };
		0203F0D11AA5854200F84AFB /* SICDatabaseDescriptor.h */ = {isa = PBXFileReference; fileEncoding = 4; lastKnownFileType = sourcecode.c.h; path = SICDatabaseDescriptor.h; sourceTree = "<group>"; };
		0203F0D21AA5854200F84AFB /* SICDatabaseDescriptor.m */ = {isa = PBXFileReference; fileEncoding = 4; lastKnownFileType = sourcecode.c.objc; path = SICDatabaseDescriptor.m; sourceTree = "<group>"; };
		0203F0D51AA5854200F84AFB /* SICIDescriptor.h */ = {isa = PBXFileReference; fileEncoding = 4; lastKnownFileType = sourcecode.c.h; path = SICIDescriptor.h; sourceTree = "<group>"; };
		0203F0D61AA5854200F84AFB /* SICLibraryDescriptor.h */ = {isa = PBXFileReference; fileEncoding = 4; lastKnownFileType = sourcecode.c.h; path = SICLibraryDescriptor.h; sourceTree = "<group>"; };
		0203F0D71AA5854200F84AFB /* SICLibraryDescriptor.m */ = {isa = PBXFileReference; fileEncoding = 4; lastKnownFileType = sourcecode.c.objc; path = SICLibraryDescriptor.m; sourceTree = "<group>"; };
		0203F0D91AA5854200F84AFB /* SICApplicationDescriptorReader.h */ = {isa = PBXFileReference; fileEncoding = 4; lastKnownFileType = sourcecode.c.h; path = SICApplicationDescriptorReader.h; sourceTree = "<group>"; };
		0203F0DA1AA5854200F84AFB /* SICApplicationDescriptorReader.m */ = {isa = PBXFileReference; fileEncoding = 4; lastKnownFileType = sourcecode.c.objc; path = SICApplicationDescriptorReader.m; sourceTree = "<group>"; };
		0203F0DB1AA5854200F84AFB /* SICDatabaseDescriptorReader.h */ = {isa = PBXFileReference; fileEncoding = 4; lastKnownFileType = sourcecode.c.h; path = SICDatabaseDescriptorReader.h; sourceTree = "<group>"; };
		0203F0DC1AA5854200F84AFB /* SICDatabaseDescriptorReader.m */ = {isa = PBXFileReference; fileEncoding = 4; lastKnownFileType = sourcecode.c.objc; path = SICDatabaseDescriptorReader.m; sourceTree = "<group>"; };
		0203F0DF1AA5854200F84AFB /* SICLibraryDescriptorReader.h */ = {isa = PBXFileReference; fileEncoding = 4; lastKnownFileType = sourcecode.c.h; path = SICLibraryDescriptorReader.h; sourceTree = "<group>"; };
		0203F0E01AA5854200F84AFB /* SICLibraryDescriptorReader.m */ = {isa = PBXFileReference; fileEncoding = 4; lastKnownFileType = sourcecode.c.objc; path = SICLibraryDescriptorReader.m; sourceTree = "<group>"; };
		0203F0E31AA5854200F84AFB /* SICSiminovSAXDefaultHandler.h */ = {isa = PBXFileReference; fileEncoding = 4; lastKnownFileType = sourcecode.c.h; path = SICSiminovSAXDefaultHandler.h; sourceTree = "<group>"; };
		0203F0E41AA5854200F84AFB /* SICSiminovSAXDefaultHandler.m */ = {isa = PBXFileReference; fileEncoding = 4; lastKnownFileType = sourcecode.c.objc; path = SICSiminovSAXDefaultHandler.m; sourceTree = "<group>"; };
		0203F0E61AA5854200F84AFB /* SICResourceManager.h */ = {isa = PBXFileReference; fileEncoding = 4; lastKnownFileType = sourcecode.c.h; lineEnding = 0; path = SICResourceManager.h; sourceTree = "<group>"; xcLanguageSpecificationIdentifier = xcode.lang.objcpp; };
		0203F0E71AA5854200F84AFB /* SICResourceManager.m */ = {isa = PBXFileReference; fileEncoding = 4; lastKnownFileType = sourcecode.c.objc; lineEnding = 0; path = SICResourceManager.m; sourceTree = "<group>"; xcLanguageSpecificationIdentifier = xcode.lang.objc; };
		0203F0E81AA5854200F84AFB /* SICSiminov.h */ = {isa = PBXFileReference; fileEncoding = 4; lastKnownFileType = sourcecode.c.h; path = SICSiminov.h; sourceTree = "<group>"; };
		0203F0E91AA5854200F84AFB /* SICSiminov.m */ = {isa = PBXFileReference; fileEncoding = 4; lastKnownFileType = sourcecode.c.objc; lineEnding = 0; path = SICSiminov.m; sourceTree = "<group>"; xcLanguageSpecificationIdentifier = xcode.lang.objc; };
		0203F0EB1AA5854200F84AFB /* SICClassUtils.h */ = {isa = PBXFileReference; fileEncoding = 4; lastKnownFileType = sourcecode.c.h; path = SICClassUtils.h; sourceTree = "<group>"; };
		0203F0EC1AA5854200F84AFB /* SICClassUtils.m */ = {isa = PBXFileReference; fileEncoding = 4; lastKnownFileType = sourcecode.c.objc; path = SICClassUtils.m; sourceTree = "<group>"; };
		0203F0ED1AA5854200F84AFB /* SICFileUtils.h */ = {isa = PBXFileReference; fileEncoding = 4; lastKnownFileType = sourcecode.c.h; path = SICFileUtils.h; sourceTree = "<group>"; };
		0203F0EE1AA5854200F84AFB /* SICFileUtils.m */ = {isa = PBXFileReference; fileEncoding = 4; lastKnownFileType = sourcecode.c.objc; path = SICFileUtils.m; sourceTree = "<group>"; };
		0297C0E01AA091A0006672E9 /* libCore.a */ = {isa = PBXFileReference; explicitFileType = archive.ar; includeInIndex = 0; path = libCore.a; sourceTree = BUILT_PRODUCTS_DIR; };
		CE097E081B692EAD00A739F4 /* SICEntityDescriptor.h */ = {isa = PBXFileReference; fileEncoding = 4; lastKnownFileType = sourcecode.c.h; path = SICEntityDescriptor.h; sourceTree = "<group>"; };
		CE097E091B692EAD00A739F4 /* SICEntityDescriptor.m */ = {isa = PBXFileReference; fileEncoding = 4; lastKnownFileType = sourcecode.c.objc; path = SICEntityDescriptor.m; sourceTree = "<group>"; };
		CE097E0C1B6A760800A739F4 /* SICEntityDescriptorReader.h */ = {isa = PBXFileReference; fileEncoding = 4; lastKnownFileType = sourcecode.c.h; path = SICEntityDescriptorReader.h; sourceTree = "<group>"; };
		CE097E0D1B6A760800A739F4 /* SICEntityDescriptorReader.m */ = {isa = PBXFileReference; fileEncoding = 4; lastKnownFileType = sourcecode.c.objc; path = SICEntityDescriptorReader.m; sourceTree = "<group>"; };
		CEAE04851B6B65DF00D351B8 /* SICQuickEntityDescriptorReader.h */ = {isa = PBXFileReference; fileEncoding = 4; lastKnownFileType = sourcecode.c.h; path = SICQuickEntityDescriptorReader.h; sourceTree = "<group>"; };
		CEAE04861B6B65DF00D351B8 /* SICQuickEntityDescriptorReader.m */ = {isa = PBXFileReference; fileEncoding = 4; lastKnownFileType = sourcecode.c.objc; path = SICQuickEntityDescriptorReader.m; sourceTree = "<group>"; };
/* End PBXFileReference section */

/* Begin PBXFrameworksBuildPhase section */
		0297C0DD1AA091A0006672E9 /* Frameworks */ = {
			isa = PBXFrameworksBuildPhase;
			buildActionMask = 2147483647;
			files = (
				0203F05B1AA4A70500F84AFB /* Foundation.framework in Frameworks */,
				0203F0591AA4A6FE00F84AFB /* UIKit.framework in Frameworks */,
				0203F0571AA4A6F800F84AFB /* SystemConfiguration.framework in Frameworks */,
			);
			runOnlyForDeploymentPostprocessing = 0;
		};
/* End PBXFrameworksBuildPhase section */

/* Begin PBXGroup section */
		0203F0871AA5854200F84AFB /* Siminov */ = {
			isa = PBXGroup;
			children = (
				0203F0881AA5854200F84AFB /* Core */,
			);
			path = Siminov;
			sourceTree = "<group>";
		};
		0203F0881AA5854200F84AFB /* Core */ = {
			isa = PBXGroup;
			children = (
				0203F0891AA5854200F84AFB /* SICConstants.h */,
				0203F08A1AA5854200F84AFB /* Database */,
				0203F0B71AA5854200F84AFB /* Events */,
				0203F0BC1AA5854200F84AFB /* Exception */,
				0203F0C81AA5854200F84AFB /* SICIInitializer.h */,
				0203F0C91AA5854200F84AFB /* SICInitializer.h */,
				0203F0CA1AA5854200F84AFB /* SICInitializer.m */,
				0203F0CB1AA5854200F84AFB /* Log */,
				0203F0CE1AA5854200F84AFB /* Model */,
				0203F0D81AA5854200F84AFB /* Reader */,
				0203F0E51AA5854200F84AFB /* Resource */,
				0203F0E81AA5854200F84AFB /* SICSiminov.h */,
				0203F0E91AA5854200F84AFB /* SICSiminov.m */,
				0203F0EA1AA5854200F84AFB /* Utils */,
			);
			path = Core;
			sourceTree = "<group>";
		};
		0203F08A1AA5854200F84AFB /* Database */ = {
			isa = PBXGroup;
			children = (
				0203F08B1AA5854200F84AFB /* SICClause.h */,
				0203F08C1AA5854200F84AFB /* SICClause.m */,
				0203F08D1AA5854200F84AFB /* SICDatabase.h */,
				0203F08E1AA5854200F84AFB /* SICDatabase.m */,
				0203F08F1AA5854200F84AFB /* SICDatabaseBundle.h */,
				0203F0901AA5854200F84AFB /* SICDatabaseBundle.m */,
				0203F0911AA5854200F84AFB /* SICDatabaseFactory.h */,
				0203F0B51AA5854200F84AFB /* SICWhere.h */,
				0203F0B61AA5854200F84AFB /* SICWhere.m */,
				0203F0921AA5854200F84AFB /* SICDatabaseFactory.m */,
				0203F0931AA5854200F84AFB /* SICDatabaseHelper.h */,
				0203F0941AA5854200F84AFB /* SICDatabaseHelper.m */,
				0203F0951AA5854200F84AFB /* SICDatabaseUtils.h */,
				0203F0961AA5854200F84AFB /* SICDatabaseUtils.m */,
				0203F0971AA5854200F84AFB /* Design */,
				0203F0AE1AA5854200F84AFB /* Sqlite */,
			);
			path = Database;
			sourceTree = "<group>";
		};
		0203F0971AA5854200F84AFB /* Design */ = {
			isa = PBXGroup;
			children = (
				0203F0981AA5854200F84AFB /* SICIAverage.h */,
				0203F0991AA5854200F84AFB /* SICIAverageClause.h */,
				0203F09A1AA5854200F84AFB /* SICICount.h */,
				0203F09B1AA5854200F84AFB /* SICICountClause.h */,
				0203F09C1AA5854200F84AFB /* SICIDatabase.h */,
				0203F09D1AA5854200F84AFB /* SICIDatabaseImpl.h */,
				0203F09E1AA5854200F84AFB /* SICIDataTypeHandler.h */,
				0203F09F1AA5854200F84AFB /* SICIDelete.h */,
				0203F0A01AA5854200F84AFB /* SICIDeleteClause.h */,
				0203F0A11AA5854200F84AFB /* SICIGroupConcat.h */,
				0203F0A21AA5854200F84AFB /* SICIGroupConcatClause.h */,
				0203F0A31AA5854200F84AFB /* SICIMax.h */,
				0203F0A41AA5854200F84AFB /* SICIMaxClause.h */,
				0203F0A51AA5854200F84AFB /* SICIMin.h */,
				0203F0A61AA5854200F84AFB /* SICIMinClause.h */,
				0203F0A71AA5854200F84AFB /* SICIQueryBuilder.h */,
				0203F0A81AA5854200F84AFB /* SICISelect.h */,
				0203F0A91AA5854200F84AFB /* SICISelectClause.h */,
				0203F0AA1AA5854200F84AFB /* SICISum.h */,
				0203F0AB1AA5854200F84AFB /* SICISumClause.h */,
				0203F0AC1AA5854200F84AFB /* SICITotal.h */,
				0203F0AD1AA5854200F84AFB /* SICITotalClause.h */,
			);
			path = Design;
			sourceTree = "<group>";
		};
		0203F0AE1AA5854200F84AFB /* Sqlite */ = {
			isa = PBXGroup;
			children = (
				0203F0AF1AA5854200F84AFB /* SICDatabaseImpl.h */,
				0203F0B01AA5854200F84AFB /* SICDatabaseImpl.m */,
				0203F0B11AA5854200F84AFB /* SICDataTypeHandler.h */,
				0203F0B21AA5854200F84AFB /* SICDataTypeHandler.m */,
				0203F0B31AA5854200F84AFB /* SICQueryBuilder.h */,
				0203F0B41AA5854200F84AFB /* SICQueryBuilder.m */,
			);
			path = Sqlite;
			sourceTree = "<group>";
		};
		0203F0B71AA5854200F84AFB /* Events */ = {
			isa = PBXGroup;
			children = (
				0203F0B81AA5854200F84AFB /* SICEventHandler.h */,
				0203F0B91AA5854200F84AFB /* SICEventHandler.m */,
				0203F0BA1AA5854200F84AFB /* SICIDatabaseEvents.h */,
				0203F0BB1AA5854200F84AFB /* SICISiminovEvents.h */,
			);
			path = Events;
			sourceTree = "<group>";
		};
		0203F0BC1AA5854200F84AFB /* Exception */ = {
			isa = PBXGroup;
			children = (
				0203F0BD1AA5854200F84AFB /* SICDatabaseException.h */,
				0203F0BE1AA5854200F84AFB /* SICDatabaseException.m */,
				0203F0BF1AA5854200F84AFB /* SICDeploymentException.h */,
				0203F0C01AA5854200F84AFB /* SICDeploymentException.m */,
				0203F0C11AA5854200F84AFB /* SICIException.h */,
				0203F0C21AA5854200F84AFB /* SICPrematureEndOfParseException.h */,
				0203F0C31AA5854200F84AFB /* SICPrematureEndOfParseException.m */,
				0203F0C41AA5854200F84AFB /* SICSiminovCriticalException.h */,
				0203F0C51AA5854200F84AFB /* SICSiminovCriticalException.m */,
				0203F0C61AA5854200F84AFB /* SICSiminovException.h */,
				0203F0C71AA5854200F84AFB /* SICSiminovException.m */,
			);
			path = Exception;
			sourceTree = "<group>";
		};
		0203F0CB1AA5854200F84AFB /* Log */ = {
			isa = PBXGroup;
			children = (
				0203F0CC1AA5854200F84AFB /* SICLog.h */,
				0203F0CD1AA5854200F84AFB /* SICLog.m */,
			);
			path = Log;
			sourceTree = "<group>";
		};
		0203F0CE1AA5854200F84AFB /* Model */ = {
			isa = PBXGroup;
			children = (
				0203F0CF1AA5854200F84AFB /* SICApplicationDescriptor.h */,
				0203F0D01AA5854200F84AFB /* SICApplicationDescriptor.m */,
				0203F0D11AA5854200F84AFB /* SICDatabaseDescriptor.h */,
				0203F0D21AA5854200F84AFB /* SICDatabaseDescriptor.m */,
				0203F0D51AA5854200F84AFB /* SICIDescriptor.h */,
				0203F0D61AA5854200F84AFB /* SICLibraryDescriptor.h */,
				0203F0D71AA5854200F84AFB /* SICLibraryDescriptor.m */,
				CE097E081B692EAD00A739F4 /* SICEntityDescriptor.h */,
				CE097E091B692EAD00A739F4 /* SICEntityDescriptor.m */,
			);
			path = Model;
			sourceTree = "<group>";
		};
		0203F0D81AA5854200F84AFB /* Reader */ = {
			isa = PBXGroup;
			children = (
				0203F0D91AA5854200F84AFB /* SICApplicationDescriptorReader.h */,
				0203F0DA1AA5854200F84AFB /* SICApplicationDescriptorReader.m */,
				0203F0DB1AA5854200F84AFB /* SICDatabaseDescriptorReader.h */,
				0203F0DC1AA5854200F84AFB /* SICDatabaseDescriptorReader.m */,
				0203F0DF1AA5854200F84AFB /* SICLibraryDescriptorReader.h */,
				0203F0E01AA5854200F84AFB /* SICLibraryDescriptorReader.m */,
				0203F0E31AA5854200F84AFB /* SICSiminovSAXDefaultHandler.h */,
				0203F0E41AA5854200F84AFB /* SICSiminovSAXDefaultHandler.m */,
				CE097E0C1B6A760800A739F4 /* SICEntityDescriptorReader.h */,
				CE097E0D1B6A760800A739F4 /* SICEntityDescriptorReader.m */,
				CEAE04851B6B65DF00D351B8 /* SICQuickEntityDescriptorReader.h */,
				CEAE04861B6B65DF00D351B8 /* SICQuickEntityDescriptorReader.m */,
			);
			path = Reader;
			sourceTree = "<group>";
		};
		0203F0E51AA5854200F84AFB /* Resource */ = {
			isa = PBXGroup;
			children = (
				0203F0E61AA5854200F84AFB /* SICResourceManager.h */,
				0203F0E71AA5854200F84AFB /* SICResourceManager.m */,
			);
			path = Resource;
			sourceTree = "<group>";
		};
		0203F0EA1AA5854200F84AFB /* Utils */ = {
			isa = PBXGroup;
			children = (
				0203F0EB1AA5854200F84AFB /* SICClassUtils.h */,
				0203F0EC1AA5854200F84AFB /* SICClassUtils.m */,
				0203F0ED1AA5854200F84AFB /* SICFileUtils.h */,
				0203F0EE1AA5854200F84AFB /* SICFileUtils.m */,
			);
			path = Utils;
			sourceTree = "<group>";
		};
		0297C0D71AA091A0006672E9 = {
			isa = PBXGroup;
			children = (
				0203F05A1AA4A70500F84AFB /* Foundation.framework */,
				0203F0581AA4A6FE00F84AFB /* UIKit.framework */,
				0203F0561AA4A6F800F84AFB /* SystemConfiguration.framework */,
				0203F0871AA5854200F84AFB /* Siminov */,
				0297C0E11AA091A0006672E9 /* Products */,
			);
			sourceTree = "<group>";
		};
		0297C0E11AA091A0006672E9 /* Products */ = {
			isa = PBXGroup;
			children = (
				0297C0E01AA091A0006672E9 /* libCore.a */,
			);
			name = Products;
			sourceTree = "<group>";
		};
/* End PBXGroup section */

/* Begin PBXNativeTarget section */
		0297C0DF1AA091A0006672E9 /* Core */ = {
			isa = PBXNativeTarget;
			buildConfigurationList = 0297C0F41AA091A0006672E9 /* Build configuration list for PBXNativeTarget "Core" */;
			buildPhases = (
				0297C0DC1AA091A0006672E9 /* Sources */,
				0297C0DD1AA091A0006672E9 /* Frameworks */,
				0297C0DE1AA091A0006672E9 /* Copy Files */,
				0297C24F1AA095D7006672E9 /* Core Script */,
			);
			buildRules = (
			);
			dependencies = (
			);
			name = Core;
			productName = Core;
			productReference = 0297C0E01AA091A0006672E9 /* libCore.a */;
			productType = "com.apple.product-type.library.static";
		};
/* End PBXNativeTarget section */

/* Begin PBXProject section */
		0297C0D81AA091A0006672E9 /* Project object */ = {
			isa = PBXProject;
			attributes = {
				LastUpgradeCheck = 0610;
				ORGANIZATIONNAME = Siminov;
				TargetAttributes = {
					0297C0DF1AA091A0006672E9 = {
						CreatedOnToolsVersion = 6.1;
					};
					02B1010E1AB0448E00AD120E = {
						CreatedOnToolsVersion = 6.1;
					};
				};
			};
			buildConfigurationList = 0297C0DB1AA091A0006672E9 /* Build configuration list for PBXProject "Core" */;
			compatibilityVersion = "Xcode 3.2";
			developmentRegion = English;
			hasScannedForEncodings = 0;
			knownRegions = (
				en,
			);
			mainGroup = 0297C0D71AA091A0006672E9;
			productRefGroup = 0297C0E11AA091A0006672E9 /* Products */;
			projectDirPath = "";
			projectRoot = "";
			targets = (
				0297C0DF1AA091A0006672E9 /* Core */,
				02B1010E1AB0448E00AD120E /* Docs */,
			);
		};
/* End PBXProject section */

/* Begin PBXShellScriptBuildPhase section */
		0297C24F1AA095D7006672E9 /* Core Script */ = {
			isa = PBXShellScriptBuildPhase;
			buildActionMask = 2147483647;
			files = (
			);
			inputPaths = (
			);
			name = "Core Script";
			outputPaths = (
			);
			runOnlyForDeploymentPostprocessing = 0;
			shellPath = /bin/sh;
			shellScript = "set -e\nset -o pipefail\n\n#################[ Tests: helps workaround any future bugs in Xcode ]########\n#\nDEBUG_THIS_SCRIPT=\"false\"\n\nif [ $DEBUG_THIS_SCRIPT = \"true\" ]\nthen\necho \"########### TESTS #############\"\necho \"Use the following variables when debugging this script; note that they may change on recursions\"\necho \"BUILD_DIR = $BUILD_DIR\"\necho \"BUILD_ROOT = $BUILD_ROOT\"\necho \"CONFIGURATION_BUILD_DIR = $CONFIGURATION_BUILD_DIR\"\necho \"BUILT_PRODUCTS_DIR = $BUILT_PRODUCTS_DIR\"\necho \"CONFIGURATION_TEMP_DIR = $CONFIGURATION_TEMP_DIR\"\necho \"TARGET_BUILD_DIR = $TARGET_BUILD_DIR\"\nfi\n\n#####################[ part 1 ]##################\n# First, work out the BASESDK version number (NB: Apple ought to report this, but they hide it)\n#    (incidental: searching for substrings in sh is a nightmare! Sob)\n\nSDK_VERSION=$(echo ${SDK_NAME} | grep -o '.\\{3\\}$')\n\n# Next, work out if we're in SIM or DEVICE\n\nif [ ${PLATFORM_NAME} = \"iphonesimulator\" ]\nthen\nOTHER_SDK_TO_BUILD=iphoneos${SDK_VERSION}\nelse\nOTHER_SDK_TO_BUILD=iphonesimulator${SDK_VERSION}\nfi\n\necho \"XCode has selected SDK: ${PLATFORM_NAME} with version: ${SDK_VERSION} (although back-targetting: ${IPHONEOS_DEPLOYMENT_TARGET})\"\necho \"...therefore, OTHER_SDK_TO_BUILD = ${OTHER_SDK_TO_BUILD}\"\n#\n#####################[ end of part 1 ]##################\n\n#####################[ part 2 ]##################\n#\n# IF this is the original invocation, invoke WHATEVER other builds are required\n#\n# Xcode is already building ONE target...\n#\n# ...but this is a LIBRARY, so Apple is wrong to set it to build just one.\n# ...we need to build ALL targets\n# ...we MUST NOT re-build the target that is ALREADY being built: Xcode WILL CRASH YOUR COMPUTER if you try this (infinite recursion!)\n#\n#\n# So: build ONLY the missing platforms/configurations.\n\nif [ \"true\" == ${ALREADYINVOKED:-false} ]\nthen\necho \"RECURSION: I am NOT the root invocation, so I'm NOT going to recurse\"\nelse\n# CRITICAL:\n# Prevent infinite recursion (Xcode sucks)\nexport ALREADYINVOKED=\"true\"\n\necho \"RECURSION: I am the root ... recursing all missing build targets NOW...\"\necho \"RECURSION: ...about to invoke: xcodebuild -configuration \\\"${CONFIGURATION}\\\" -project \\\"${PROJECT_NAME}.xcodeproj\\\" -target \\\"${TARGET_NAME}\\\" -sdk \\\"${OTHER_SDK_TO_BUILD}\\\" ${ACTION} RUN_CLANG_STATIC_ANALYZER=NO\" BUILD_DIR=\\\"${BUILD_DIR}\\\" BUILD_ROOT=\\\"${BUILD_ROOT}\\\" SYMROOT=\\\"${SYMROOT}\\\"\n\nxcodebuild -configuration \"${CONFIGURATION}\" -project \"${PROJECT_NAME}.xcodeproj\" -target \"${TARGET_NAME}\" -sdk \"${OTHER_SDK_TO_BUILD}\" ${ACTION} RUN_CLANG_STATIC_ANALYZER=NO BUILD_DIR=\"${BUILD_DIR}\" BUILD_ROOT=\"${BUILD_ROOT}\" SYMROOT=\"${SYMROOT}\"\n\nACTION=\"build\"\n\n#Merge all platform binaries as a fat binary for each configurations.\n\n# Calculate where the (multiple) built files are coming from:\nCURRENTCONFIG_DEVICE_DIR=${SYMROOT}/${CONFIGURATION}-iphoneos\nCURRENTCONFIG_SIMULATOR_DIR=${SYMROOT}/${CONFIGURATION}-iphonesimulator\n\necho \"Taking device build from: ${CURRENTCONFIG_DEVICE_DIR}\"\necho \"Taking simulator build from: ${CURRENTCONFIG_SIMULATOR_DIR}\"\n\nCREATING_UNIVERSAL_DIR=${SYMROOT}/${CONFIGURATION}-universal\necho \"...I will output a universal build to: ${CREATING_UNIVERSAL_DIR}\"\n\n# ... remove the products of previous runs of this script\n#      NB: this directory is ONLY created by this script - it should be safe to delete!\n\nrm -rf \"${CREATING_UNIVERSAL_DIR}\"\nmkdir \"${CREATING_UNIVERSAL_DIR}\"\n\n#\necho \"lipo: for current configuration (${CONFIGURATION}) creating output file: ${CREATING_UNIVERSAL_DIR}/${EXECUTABLE_NAME}\"\nxcrun -sdk iphoneos lipo -create -output \"${CREATING_UNIVERSAL_DIR}/${EXECUTABLE_NAME}\" \"${CURRENTCONFIG_DEVICE_DIR}/${EXECUTABLE_NAME}\" \"${CURRENTCONFIG_SIMULATOR_DIR}/${EXECUTABLE_NAME}\"\n\n#########\n#\n# Added: StackOverflow suggestion to also copy \"include\" files\n#    (untested, but should work OK)\n#\necho \"Fetching headers from ${PUBLIC_HEADERS_FOLDER_PATH}\"\necho \"  (if you embed your library project in another project, you will need to add\"\necho \"   a \"User Search Headers\" build setting of: (NB INCLUDE THE DOUBLE QUOTES BELOW!)\"\necho '        \"$(TARGET_BUILD_DIR)/include/\"'\nif [ -d \"${CURRENTCONFIG_DEVICE_DIR}/include/\" ]\nthen\nmkdir -p \"${CREATING_UNIVERSAL_DIR}/include/\"\n# * needs to be outside the double quotes?\ncp -r \"${CURRENTCONFIG_DEVICE_DIR}/include/\"* \"${CREATING_UNIVERSAL_DIR}/include\"\nfi\nfi";
		};
		02B101121AB0449200AD120E /* docs run script */ = {
			isa = PBXShellScriptBuildPhase;
			buildActionMask = 2147483647;
			files = (
			);
			inputPaths = (
			);
			name = "docs run script";
			outputPaths = (
			);
			runOnlyForDeploymentPostprocessing = 0;
			shellPath = /bin/sh;
			shellScript = "#appledoc Xcode script\n# Start constants\ncompany=\"Siminov Software Solution LLP\";\ncompanyID=\"siminov\";\ncompanyURL=\"http://www.siminov.com\";\ntarget=\"iphoneos\";\n#target=\"macosx\";\noutputPath=\"~/help\";\n# End constants\n# Path to appledoc executable file e.g /Users/appledoc\n/Users/geetikagupta/Music/appledoc \\\n--project-name \"Siminov Framework - Core\" \\\n--project-company \"${company}\" \\\n--company-id \"${companyID}\" \\\n--output \"${outputPath}\" \\\n--logformat xcode \\\n--keep-intermediate-files \\\n--no-repeat-first-par \\\n--no-warn-invalid-crossref \\\n--exit-threshold 2 \\\n\"${PROJECT_DIR}\"";
		};
/* End PBXShellScriptBuildPhase section */

/* Begin PBXSourcesBuildPhase section */
		0297C0DC1AA091A0006672E9 /* Sources */ = {
			isa = PBXSourcesBuildPhase;
			buildActionMask = 2147483647;
			files = (
				0203F0F31AA5854200F84AFB /* SICDatabaseHelper.m in Sources */,
				0203F1081AA5854200F84AFB /* SICLibraryDescriptorReader.m in Sources */,
				0203F0FE1AA5854200F84AFB /* SICSiminovException.m in Sources */,
				0203F0FF1AA5854200F84AFB /* SICInitializer.m in Sources */,
				CE097E0E1B6A760800A739F4 /* SICEntityDescriptorReader.m in Sources */,
				0203F10D1AA5854200F84AFB /* SICClassUtils.m in Sources */,
				0203F0F81AA5854200F84AFB /* SICWhere.m in Sources */,
				0203F10A1AA5854200F84AFB /* SICSiminovSAXDefaultHandler.m in Sources */,
				0203F0F91AA5854200F84AFB /* SICEventHandler.m in Sources */,
				0203F10B1AA5854200F84AFB /* SICResourceManager.m in Sources */,
				0203F0F71AA5854200F84AFB /* SICQueryBuilder.m in Sources */,
				0203F0FD1AA5854200F84AFB /* SICSiminovCriticalException.m in Sources */,
				0203F0F01AA5854200F84AFB /* SICDatabase.m in Sources */,
				CE097E0A1B692EAD00A739F4 /* SICEntityDescriptor.m in Sources */,
				0203F0F21AA5854200F84AFB /* SICDatabaseFactory.m in Sources */,
				0203F0EF1AA5854200F84AFB /* SICClause.m in Sources */,
				0203F0F51AA5854200F84AFB /* SICDatabaseImpl.m in Sources */,
				0203F0FC1AA5854200F84AFB /* SICPrematureEndOfParseException.m in Sources */,
				0203F1001AA5854200F84AFB /* SICLog.m in Sources */,
				0203F10C1AA5854200F84AFB /* SICSiminov.m in Sources */,
				0203F0F41AA5854200F84AFB /* SICDatabaseUtils.m in Sources */,
				0203F0F61AA5854200F84AFB /* SICDataTypeHandler.m in Sources */,
				0203F1041AA5854200F84AFB /* SICLibraryDescriptor.m in Sources */,
				0203F10E1AA5854200F84AFB /* SICFileUtils.m in Sources */,
				0203F1021AA5854200F84AFB /* SICDatabaseDescriptor.m in Sources */,
				0203F0FB1AA5854200F84AFB /* SICDeploymentException.m in Sources */,
				0203F0FA1AA5854200F84AFB /* SICDatabaseException.m in Sources */,
				0203F1061AA5854200F84AFB /* SICDatabaseDescriptorReader.m in Sources */,
				0203F1051AA5854200F84AFB /* SICApplicationDescriptorReader.m in Sources */,
				0203F1011AA5854200F84AFB /* SICApplicationDescriptor.m in Sources */,
				CEAE04871B6B65DF00D351B8 /* SICQuickEntityDescriptorReader.m in Sources */,
				0203F0F11AA5854200F84AFB /* SICDatabaseBundle.m in Sources */,
			);
			runOnlyForDeploymentPostprocessing = 0;
		};
/* End PBXSourcesBuildPhase section */

/* Begin XCBuildConfiguration section */
		0297C0F21AA091A0006672E9 /* Debug */ = {
			isa = XCBuildConfiguration;
			buildSettings = {
				ALWAYS_SEARCH_USER_PATHS = NO;
				CLANG_CXX_LANGUAGE_STANDARD = "gnu++0x";
				CLANG_CXX_LIBRARY = "libc++";
				CLANG_ENABLE_MODULES = YES;
				CLANG_ENABLE_OBJC_ARC = YES;
				CLANG_WARN_BOOL_CONVERSION = YES;
				CLANG_WARN_CONSTANT_CONVERSION = YES;
				CLANG_WARN_DIRECT_OBJC_ISA_USAGE = YES_ERROR;
				CLANG_WARN_EMPTY_BODY = YES;
				CLANG_WARN_ENUM_CONVERSION = YES;
				CLANG_WARN_INT_CONVERSION = YES;
				CLANG_WARN_OBJC_ROOT_CLASS = YES_ERROR;
				CLANG_WARN_UNREACHABLE_CODE = YES;
				CLANG_WARN__DUPLICATE_METHOD_MATCH = YES;
				COPY_PHASE_STRIP = NO;
				ENABLE_STRICT_OBJC_MSGSEND = YES;
				GCC_C_LANGUAGE_STANDARD = gnu99;
				GCC_DYNAMIC_NO_PIC = NO;
				GCC_OPTIMIZATION_LEVEL = 0;
				GCC_PREPROCESSOR_DEFINITIONS = (
					"DEBUG=1",
					"$(inherited)",
				);
				GCC_SYMBOLS_PRIVATE_EXTERN = NO;
				GCC_WARN_64_TO_32_BIT_CONVERSION = YES;
				GCC_WARN_ABOUT_RETURN_TYPE = YES_ERROR;
				GCC_WARN_UNDECLARED_SELECTOR = YES;
				GCC_WARN_UNINITIALIZED_AUTOS = YES_AGGRESSIVE;
				GCC_WARN_UNUSED_FUNCTION = YES;
				GCC_WARN_UNUSED_VARIABLE = YES;
				IPHONEOS_DEPLOYMENT_TARGET = 8.1;
				MTL_ENABLE_DEBUG_INFO = YES;
				ONLY_ACTIVE_ARCH = YES;
				SDKROOT = iphoneos;
			};
			name = Debug;
		};
		0297C0F31AA091A0006672E9 /* Release */ = {
			isa = XCBuildConfiguration;
			buildSettings = {
				ALWAYS_SEARCH_USER_PATHS = NO;
				CLANG_CXX_LANGUAGE_STANDARD = "gnu++0x";
				CLANG_CXX_LIBRARY = "libc++";
				CLANG_ENABLE_MODULES = YES;
				CLANG_ENABLE_OBJC_ARC = YES;
				CLANG_WARN_BOOL_CONVERSION = YES;
				CLANG_WARN_CONSTANT_CONVERSION = YES;
				CLANG_WARN_DIRECT_OBJC_ISA_USAGE = YES_ERROR;
				CLANG_WARN_EMPTY_BODY = YES;
				CLANG_WARN_ENUM_CONVERSION = YES;
				CLANG_WARN_INT_CONVERSION = YES;
				CLANG_WARN_OBJC_ROOT_CLASS = YES_ERROR;
				CLANG_WARN_UNREACHABLE_CODE = YES;
				CLANG_WARN__DUPLICATE_METHOD_MATCH = YES;
				COPY_PHASE_STRIP = YES;
				ENABLE_NS_ASSERTIONS = NO;
				ENABLE_STRICT_OBJC_MSGSEND = YES;
				GCC_C_LANGUAGE_STANDARD = gnu99;
				GCC_WARN_64_TO_32_BIT_CONVERSION = YES;
				GCC_WARN_ABOUT_RETURN_TYPE = YES_ERROR;
				GCC_WARN_UNDECLARED_SELECTOR = YES;
				GCC_WARN_UNINITIALIZED_AUTOS = YES_AGGRESSIVE;
				GCC_WARN_UNUSED_FUNCTION = YES;
				GCC_WARN_UNUSED_VARIABLE = YES;
				IPHONEOS_DEPLOYMENT_TARGET = 8.1;
				MTL_ENABLE_DEBUG_INFO = NO;
				SDKROOT = iphoneos;
				VALIDATE_PRODUCT = YES;
			};
			name = Release;
		};
		0297C0F51AA091A0006672E9 /* Debug */ = {
			isa = XCBuildConfiguration;
			buildSettings = {
				ONLY_ACTIVE_ARCH = NO;
				OTHER_LDFLAGS = "-ObjC";
				PRODUCT_NAME = "$(TARGET_NAME)";
				SKIP_INSTALL = YES;
			};
			name = Debug;
		};
		0297C0F61AA091A0006672E9 /* Release */ = {
			isa = XCBuildConfiguration;
			buildSettings = {
				OTHER_LDFLAGS = "-ObjC";
				PRODUCT_NAME = "$(TARGET_NAME)";
				SKIP_INSTALL = YES;
			};
			name = Release;
		};
		02B1010F1AB0448E00AD120E /* Debug */ = {
			isa = XCBuildConfiguration;
			buildSettings = {
				PRODUCT_NAME = "$(TARGET_NAME)";
			};
			name = Debug;
		};
		02B101101AB0448E00AD120E /* Release */ = {
			isa = XCBuildConfiguration;
			buildSettings = {
				PRODUCT_NAME = "$(TARGET_NAME)";
			};
			name = Release;
		};
/* End XCBuildConfiguration section */

/* Begin XCConfigurationList section */
		0297C0DB1AA091A0006672E9 /* Build configuration list for PBXProject "Core" */ = {
			isa = XCConfigurationList;
			buildConfigurations = (
				0297C0F21AA091A0006672E9 /* Debug */,
				0297C0F31AA091A0006672E9 /* Release */,
			);
			defaultConfigurationIsVisible = 0;
			defaultConfigurationName = Release;
		};
		0297C0F41AA091A0006672E9 /* Build configuration list for PBXNativeTarget "Core" */ = {
			isa = XCConfigurationList;
			buildConfigurations = (
				0297C0F51AA091A0006672E9 /* Debug */,
				0297C0F61AA091A0006672E9 /* Release */,
			);
			defaultConfigurationIsVisible = 0;
			defaultConfigurationName = Release;
		};
		02B101111AB0448E00AD120E /* Build configuration list for PBXAggregateTarget "Docs" */ = {
			isa = XCConfigurationList;
			buildConfigurations = (
				02B1010F1AB0448E00AD120E /* Debug */,
				02B101101AB0448E00AD120E /* Release */,
			);
			defaultConfigurationIsVisible = 0;
			defaultConfigurationName = Release;
		};
/* End XCConfigurationList section */
	};
	rootObject = 0297C0D81AA091A0006672E9 /* Project object */;
}
